PODS:
  - RIBs (0.9.1):
    - RxSwift (~> 4.0)
  - RxSwift (4.5.0)

DEPENDENCIES:
  - RIBs (~> 0.9)

SPEC REPOS:
  trunk:
    - RIBs
    - RxSwift

SPEC CHECKSUMS:
  RIBs: 879184fbca567425c488d6b3d14a9c5abfbf9d47
  RxSwift: f172070dfd1a93d70a9ab97a5a01166206e1c575

PODFILE CHECKSUM: cf5ac9ca735c097ccab7dcdc61d4d8bad77a9136

COCOAPODS: 1.11.2
